
Microsoft Visual Studio Solution File, Format Version 12.00
# Visual Studio Version 16
VisualStudioVersion = 16.0.30011.22
MinimumVisualStudioVersion = 10.0.40219.1
Project("{8BC9CEB8-8B4A-11D0-8D11-00A0C91BC942}") = "eTable", "eTable\eTable.vcxproj", "{263CF3AC-80CA-438C-B59A-7941B16A0D92}"
EndProject
Global
	GlobalSection(SolutionConfigurationPlatforms) = preSolution
		Debug|x64 = Debug|x64
		Debug|x86 = Debug|x86
		Release|x64 = Release|x64
		Release|x86 = Release|x86
	EndGlobalSection
	GlobalSection(ProjectConfigurationPlatforms) = postSolution
		{263CF3AC-80CA-438C-B59A-7941B16A0D92}.Debug|x64.ActiveCfg = Debug|x64
		{263CF3AC-80CA-438C-B59A-7941B16A0D92}.Debug|x64.Build.0 = Debug|x64
		{263CF3AC-80CA-438C-B59A-7941B16A0D92}.Debug|x86.ActiveCfg = Debug|Win32
		{263CF3AC-80CA-438C-B59A-7941B16A0D92}.Debug|x86.Build.0 = Debug|Win32
		{263CF3AC-80CA-438C-B59A-7941B16A0D92}.Release|x64.ActiveCfg = Release|x64
		{263CF3AC-80CA-438C-B59A-7941B16A0D92}.Release|x64.Build.0 = Release|x64
		{263CF3AC-80CA-438C-B59A-7941B16A0D92}.Release|x86.ActiveCfg = Release|Win32
		{263CF3AC-80CA-438C-B59A-7941B16A0D92}.Release|x86.Build.0 = Release|Win32
	EndGlobalSection
	GlobalSection(SolutionProperties) = preSolution
		HideSolutionNode = FALSE
	EndGlobalSection
	GlobalSection(ExtensibilityGlobals) = postSolution
		SolutionGuid = {D9CCC82B-08B4-419B-B905-0707E6BCEFD1}
	EndGlobalSection
EndGlobal
